{
  "name": "server",
  "lockfileVersion": 3,
  "requires": true,
  "packages": {
    "": {
      "dependencies": {
        "@types/mysql": "^2.15.21"
      }
    },
    "node_modules/@types/mysql": {
      "version": "2.15.21",
      "resolved": "https://registry.npmjs.org/@types/mysql/-/mysql-2.15.21.tgz",
      "integrity": "sha512-NPotx5CVful7yB+qZbWtXL2fA4e7aEHkihHLjklc6ID8aq7bhguHgeIoC1EmSNTAuCgI6ZXrjt2ZSaXnYX0EUg==",
      "dependencies": {
        "@types/node": "*"
      }
    },
    "node_modules/@types/node": {
      "version": "20.3.1",
      "resolved": "https://registry.npmjs.org/@types/node/-/node-20.3.1.tgz",
      "integrity": "sha512-EhcH/wvidPy1WeML3TtYFGR83UzjxeWRen9V402T8aUGYsCHOmfoisV3ZSg03gAFIbLq8TnWOJ0f4cALtnSEUg=="
    }
  }
}
